// !$*UTF8*$!
{
	archiveVersion = 1;
	classes = {
	};
	objectVersion = 50;
	objects = {

/* Begin PBXBuildFile section */
		5FFC11E4845FBDA2D5C0A861 /* Pods_Location_Reporting_App_IOSUITests.framework in Frameworks */ = {isa = PBXBuildFile; fileRef = 978EB6CC7898B38D48206AE7 /* Pods_Location_Reporting_App_IOSUITests.framework */; };
		7782ECA584098275D9BA8552 /* Pods_Location_Reporting_App_IOS.framework in Frameworks */ = {isa = PBXBuildFile; fileRef = 66A12D13DBB48278FB650C6C /* Pods_Location_Reporting_App_IOS.framework */; };
		A8268A9402DF757FE8A8DC06 /* Pods_Location_Reporting_App_IOSTests.framework in Frameworks */ = {isa = PBXBuildFile; fileRef = 3DF596553051971C89EB4940 /* Pods_Location_Reporting_App_IOSTests.framework */; };
		BF2C386520A3592C007985DD /* ReportViewController.swift in Sources */ = {isa = PBXBuildFile; fileRef = BF2C386420A3592C007985DD /* ReportViewController.swift */; };
		BF4F8F7820A5E16E003E1471 /* MapViewController.swift in Sources */ = {isa = PBXBuildFile; fileRef = BF4F8F7720A5E16E003E1471 /* MapViewController.swift */; };
		BFA04B7320A4A63C00C3701E /* utils.swift in Sources */ = {isa = PBXBuildFile; fileRef = BFA04B7220A4A63C00C3701E /* utils.swift */; };
		BFF5890620A21E0700B805F9 /* AppDelegate.swift in Sources */ = {isa = PBXBuildFile; fileRef = BFF5890520A21E0700B805F9 /* AppDelegate.swift */; };
		BFF5890820A21E0700B805F9 /* LoginViewController.swift in Sources */ = {isa = PBXBuildFile; fileRef = BFF5890720A21E0700B805F9 /* LoginViewController.swift */; };
		BFF5890B20A21E0700B805F9 /* Main.storyboard in Resources */ = {isa = PBXBuildFile; fileRef = BFF5890920A21E0700B805F9 /* Main.storyboard */; };
		BFF5890D20A21E0800B805F9 /* Assets.xcassets in Resources */ = {isa = PBXBuildFile; fileRef = BFF5890C20A21E0800B805F9 /* Assets.xcassets */; };
		BFF5891020A21E0800B805F9 /* LaunchScreen.storyboard in Resources */ = {isa = PBXBuildFile; fileRef = BFF5890E20A21E0800B805F9 /* LaunchScreen.storyboard */; };
		BFF5891B20A21E0800B805F9 /* Location_Reporting_App_IOSTests.swift in Sources */ = {isa = PBXBuildFile; fileRef = BFF5891A20A21E0800B805F9 /* Location_Reporting_App_IOSTests.swift */; };
		BFF5892620A21E0800B805F9 /* Location_Reporting_App_IOSUITests.swift in Sources */ = {isa = PBXBuildFile; fileRef = BFF5892520A21E0800B805F9 /* Location_Reporting_App_IOSUITests.swift */; };
/* End PBXBuildFile section */

/* Begin PBXContainerItemProxy section */
		BFF5891720A21E0800B805F9 /* PBXContainerItemProxy */ = {
			isa = PBXContainerItemProxy;
			containerPortal = BFF588FA20A21E0700B805F9 /* Project object */;
			proxyType = 1;
			remoteGlobalIDString = BFF5890120A21E0700B805F9;
			remoteInfo = "Location-Reporting-App-IOS";
		};
		BFF5892220A21E0800B805F9 /* PBXContainerItemProxy */ = {
			isa = PBXContainerItemProxy;
			containerPortal = BFF588FA20A21E0700B805F9 /* Project object */;
			proxyType = 1;
			remoteGlobalIDString = BFF5890120A21E0700B805F9;
			remoteInfo = "Location-Reporting-App-IOS";
		};
/* End PBXContainerItemProxy section */

/* Begin PBXFileReference section */
		0EE9BC768285E07F3CBB178C /* Pods-Location-Reporting-App-IOSTests.debug.xcconfig */ = {isa = PBXFileReference; includeInIndex = 1; lastKnownFileType = text.xcconfig; name = "Pods-Location-Reporting-App-IOSTests.debug.xcconfig"; path = "Pods/Target Support Files/Pods-Location-Reporting-App-IOSTests/Pods-Location-Reporting-App-IOSTests.debug.xcconfig"; sourceTree = "<group>"; };
		3DF596553051971C89EB4940 /* Pods_Location_Reporting_App_IOSTests.framework */ = {isa = PBXFileReference; explicitFileType = wrapper.framework; includeInIndex = 0; path = Pods_Location_Reporting_App_IOSTests.framework; sourceTree = BUILT_PRODUCTS_DIR; };
		4A5BEF6135834C9C7F75F93D /* Pods-Location-Reporting-App-IOS.release.xcconfig */ = {isa = PBXFileReference; includeInIndex = 1; lastKnownFileType = text.xcconfig; name = "Pods-Location-Reporting-App-IOS.release.xcconfig"; path = "Pods/Target Support Files/Pods-Location-Reporting-App-IOS/Pods-Location-Reporting-App-IOS.release.xcconfig"; sourceTree = "<group>"; };
		66A12D13DBB48278FB650C6C /* Pods_Location_Reporting_App_IOS.framework */ = {isa = PBXFileReference; explicitFileType = wrapper.framework; includeInIndex = 0; path = Pods_Location_Reporting_App_IOS.framework; sourceTree = BUILT_PRODUCTS_DIR; };
		880B6B49A53875E0BA136788 /* Pods-Location-Reporting-App-IOS.debug.xcconfig */ = {isa = PBXFileReference; includeInIndex = 1; lastKnownFileType = text.xcconfig; name = "Pods-Location-Reporting-App-IOS.debug.xcconfig"; path = "Pods/Target Support Files/Pods-Location-Reporting-App-IOS/Pods-Location-Reporting-App-IOS.debug.xcconfig"; sourceTree = "<group>"; };
		978EB6CC7898B38D48206AE7 /* Pods_Location_Reporting_App_IOSUITests.framework */ = {isa = PBXFileReference; explicitFileType = wrapper.framework; includeInIndex = 0; path = Pods_Location_Reporting_App_IOSUITests.framework; sourceTree = BUILT_PRODUCTS_DIR; };
		BDDE37A5EECF8222F2F9CF28 /* Pods-Location-Reporting-App-IOSTests.release.xcconfig */ = {isa = PBXFileReference; includeInIndex = 1; lastKnownFileType = text.xcconfig; name = "Pods-Location-Reporting-App-IOSTests.release.xcconfig"; path = "Pods/Target Support Files/Pods-Location-Reporting-App-IOSTests/Pods-Location-Reporting-App-IOSTests.release.xcconfig"; sourceTree = "<group>"; };
		BF2C386420A3592C007985DD /* ReportViewController.swift */ = {isa = PBXFileReference; lastKnownFileType = sourcecode.swift; path = ReportViewController.swift; sourceTree = "<group>"; };
		BF4F8F7720A5E16E003E1471 /* MapViewController.swift */ = {isa = PBXFileReference; lastKnownFileType = sourcecode.swift; path = MapViewController.swift; sourceTree = "<group>"; };
		BFA04B7220A4A63C00C3701E /* utils.swift */ = {isa = PBXFileReference; lastKnownFileType = sourcecode.swift; path = utils.swift; sourceTree = "<group>"; };
		BFF5890220A21E0700B805F9 /* Location-Reporting-App-IOS.app */ = {isa = PBXFileReference; explicitFileType = wrapper.application; includeInIndex = 0; path = "Location-Reporting-App-IOS.app"; sourceTree = BUILT_PRODUCTS_DIR; };
		BFF5890520A21E0700B805F9 /* AppDelegate.swift */ = {isa = PBXFileReference; lastKnownFileType = sourcecode.swift; path = AppDelegate.swift; sourceTree = "<group>"; };
		BFF5890720A21E0700B805F9 /* LoginViewController.swift */ = {isa = PBXFileReference; lastKnownFileType = sourcecode.swift; path = LoginViewController.swift; sourceTree = "<group>"; };
		BFF5890A20A21E0700B805F9 /* Base */ = {isa = PBXFileReference; lastKnownFileType = file.storyboard; name = Base; path = Base.lproj/Main.storyboard; sourceTree = "<group>"; };
		BFF5890C20A21E0800B805F9 /* Assets.xcassets */ = {isa = PBXFileReference; lastKnownFileType = folder.assetcatalog; path = Assets.xcassets; sourceTree = "<group>"; };
		BFF5890F20A21E0800B805F9 /* Base */ = {isa = PBXFileReference; lastKnownFileType = file.storyboard; name = Base; path = Base.lproj/LaunchScreen.storyboard; sourceTree = "<group>"; };
		BFF5891120A21E0800B805F9 /* Info.plist */ = {isa = PBXFileReference; lastKnownFileType = text.plist.xml; path = Info.plist; sourceTree = "<group>"; };
		BFF5891620A21E0800B805F9 /* Location-Reporting-App-IOSTests.xctest */ = {isa = PBXFileReference; explicitFileType = wrapper.cfbundle; includeInIndex = 0; path = "Location-Reporting-App-IOSTests.xctest"; sourceTree = BUILT_PRODUCTS_DIR; };
		BFF5891A20A21E0800B805F9 /* Location_Reporting_App_IOSTests.swift */ = {isa = PBXFileReference; lastKnownFileType = sourcecode.swift; path = Location_Reporting_App_IOSTests.swift; sourceTree = "<group>"; };
		BFF5891C20A21E0800B805F9 /* Info.plist */ = {isa = PBXFileReference; lastKnownFileType = text.plist.xml; path = Info.plist; sourceTree = "<group>"; };
		BFF5892120A21E0800B805F9 /* Location-Reporting-App-IOSUITests.xctest */ = {isa = PBXFileReference; explicitFileType = wrapper.cfbundle; includeInIndex = 0; path = "Location-Reporting-App-IOSUITests.xctest"; sourceTree = BUILT_PRODUCTS_DIR; };
		BFF5892520A21E0800B805F9 /* Location_Reporting_App_IOSUITests.swift */ = {isa = PBXFileReference; lastKnownFileType = sourcecode.swift; path = Location_Reporting_App_IOSUITests.swift; sourceTree = "<group>"; };
		BFF5892720A21E0800B805F9 /* Info.plist */ = {isa = PBXFileReference; lastKnownFileType = text.plist.xml; path = Info.plist; sourceTree = "<group>"; };
		DDCCA4D4CE8AA90E42736F29 /* Pods-Location-Reporting-App-IOSUITests.release.xcconfig */ = {isa = PBXFileReference; includeInIndex = 1; lastKnownFileType = text.xcconfig; name = "Pods-Location-Reporting-App-IOSUITests.release.xcconfig"; path = "Pods/Target Support Files/Pods-Location-Reporting-App-IOSUITests/Pods-Location-Reporting-App-IOSUITests.release.xcconfig"; sourceTree = "<group>"; };
		EF3134B5C1A0219CB9B9CDBA /* Pods-Location-Reporting-App-IOSUITests.debug.xcconfig */ = {isa = PBXFileReference; includeInIndex = 1; lastKnownFileType = text.xcconfig; name = "Pods-Location-Reporting-App-IOSUITests.debug.xcconfig"; path = "Pods/Target Support Files/Pods-Location-Reporting-App-IOSUITests/Pods-Location-Reporting-App-IOSUITests.debug.xcconfig"; sourceTree = "<group>"; };
/* End PBXFileReference section */

/* Begin PBXFrameworksBuildPhase section */
		BFF588FF20A21E0700B805F9 /* Frameworks */ = {
			isa = PBXFrameworksBuildPhase;
			buildActionMask = 2147483647;
			files = (
				7782ECA584098275D9BA8552 /* Pods_Location_Reporting_App_IOS.framework in Frameworks */,
			);
			runOnlyForDeploymentPostprocessing = 0;
		};
		BFF5891320A21E0800B805F9 /* Frameworks */ = {
			isa = PBXFrameworksBuildPhase;
			buildActionMask = 2147483647;
			files = (
				A8268A9402DF757FE8A8DC06 /* Pods_Location_Reporting_App_IOSTests.framework in Frameworks */,
			);
			runOnlyForDeploymentPostprocessing = 0;
		};
		BFF5891E20A21E0800B805F9 /* Frameworks */ = {
			isa = PBXFrameworksBuildPhase;
			buildActionMask = 2147483647;
			files = (
				5FFC11E4845FBDA2D5C0A861 /* Pods_Location_Reporting_App_IOSUITests.framework in Frameworks */,
			);
			runOnlyForDeploymentPostprocessing = 0;
		};
/* End PBXFrameworksBuildPhase section */

/* Begin PBXGroup section */
		4C92B74243DBC61FE53EE460 /* Pods */ = {
			isa = PBXGroup;
			children = (
				880B6B49A53875E0BA136788 /* Pods-Location-Reporting-App-IOS.debug.xcconfig */,
				4A5BEF6135834C9C7F75F93D /* Pods-Location-Reporting-App-IOS.release.xcconfig */,
				0EE9BC768285E07F3CBB178C /* Pods-Location-Reporting-App-IOSTests.debug.xcconfig */,
				BDDE37A5EECF8222F2F9CF28 /* Pods-Location-Reporting-App-IOSTests.release.xcconfig */,
				EF3134B5C1A0219CB9B9CDBA /* Pods-Location-Reporting-App-IOSUITests.debug.xcconfig */,
				DDCCA4D4CE8AA90E42736F29 /* Pods-Location-Reporting-App-IOSUITests.release.xcconfig */,
			);
			name = Pods;
			sourceTree = "<group>";
		};
		8D85F6AFDAED98D81CD7F17F /* Frameworks */ = {
			isa = PBXGroup;
			children = (
				66A12D13DBB48278FB650C6C /* Pods_Location_Reporting_App_IOS.framework */,
				3DF596553051971C89EB4940 /* Pods_Location_Reporting_App_IOSTests.framework */,
				978EB6CC7898B38D48206AE7 /* Pods_Location_Reporting_App_IOSUITests.framework */,
			);
			name = Frameworks;
			sourceTree = "<group>";
		};
		BFF588F920A21E0700B805F9 = {
			isa = PBXGroup;
			children = (
				BFF5890420A21E0700B805F9 /* Location-Reporting-App-IOS */,
				BFF5891920A21E0800B805F9 /* Location-Reporting-App-IOSTests */,
				BFF5892420A21E0800B805F9 /* Location-Reporting-App-IOSUITests */,
				BFF5890320A21E0700B805F9 /* Products */,
				4C92B74243DBC61FE53EE460 /* Pods */,
				8D85F6AFDAED98D81CD7F17F /* Frameworks */,
			);
			sourceTree = "<group>";
		};
		BFF5890320A21E0700B805F9 /* Products */ = {
			isa = PBXGroup;
			children = (
				BFF5890220A21E0700B805F9 /* Location-Reporting-App-IOS.app */,
				BFF5891620A21E0800B805F9 /* Location-Reporting-App-IOSTests.xctest */,
				BFF5892120A21E0800B805F9 /* Location-Reporting-App-IOSUITests.xctest */,
			);
			name = Products;
			sourceTree = "<group>";
		};
		BFF5890420A21E0700B805F9 /* Location-Reporting-App-IOS */ = {
			isa = PBXGroup;
			children = (
				BFF5890520A21E0700B805F9 /* AppDelegate.swift */,
				BFF5890720A21E0700B805F9 /* LoginViewController.swift */,
				BFA04B7220A4A63C00C3701E /* utils.swift */,
				BF2C386420A3592C007985DD /* ReportViewController.swift */,
				BF4F8F7720A5E16E003E1471 /* MapViewController.swift */,
				BFF5890920A21E0700B805F9 /* Main.storyboard */,
				BFF5890C20A21E0800B805F9 /* Assets.xcassets */,
				BFF5890E20A21E0800B805F9 /* LaunchScreen.storyboard */,
				BFF5891120A21E0800B805F9 /* Info.plist */,
			);
			path = "Location-Reporting-App-IOS";
			sourceTree = "<group>";
		};
		BFF5891920A21E0800B805F9 /* Location-Reporting-App-IOSTests */ = {
			isa = PBXGroup;
			children = (
				BFF5891A20A21E0800B805F9 /* Location_Reporting_App_IOSTests.swift */,
				BFF5891C20A21E0800B805F9 /* Info.plist */,
			);
			path = "Location-Reporting-App-IOSTests";
			sourceTree = "<group>";
		};
		BFF5892420A21E0800B805F9 /* Location-Reporting-App-IOSUITests */ = {
			isa = PBXGroup;
			children = (
				BFF5892520A21E0800B805F9 /* Location_Reporting_App_IOSUITests.swift */,
				BFF5892720A21E0800B805F9 /* Info.plist */,
			);
			path = "Location-Reporting-App-IOSUITests";
			sourceTree = "<group>";
		};
/* End PBXGroup section */

/* Begin PBXNativeTarget section */
		BFF5890120A21E0700B805F9 /* Location-Reporting-App-IOS */ = {
			isa = PBXNativeTarget;
			buildConfigurationList = BFF5892A20A21E0800B805F9 /* Build configuration list for PBXNativeTarget "Location-Reporting-App-IOS" */;
			buildPhases = (
				B7ACB141FAB8DACA7B3E8735 /* [CP] Check Pods Manifest.lock */,
				BFF588FE20A21E0700B805F9 /* Sources */,
				BFF588FF20A21E0700B805F9 /* Frameworks */,
				BFF5890020A21E0700B805F9 /* Resources */,
				FA1EA3A0874B7BCC24B5AC29 /* [CP] Embed Pods Frameworks */,
				CC064B79C529DCD99B4EC62D /* [CP] Copy Pods Resources */,
			);
			buildRules = (
			);
			dependencies = (
			);
			name = "Location-Reporting-App-IOS";
			productName = "Location-Reporting-App-IOS";
			productReference = BFF5890220A21E0700B805F9 /* Location-Reporting-App-IOS.app */;
			productType = "com.apple.product-type.application";
		};
		BFF5891520A21E0800B805F9 /* Location-Reporting-App-IOSTests */ = {
			isa = PBXNativeTarget;
			buildConfigurationList = BFF5892D20A21E0800B805F9 /* Build configuration list for PBXNativeTarget "Location-Reporting-App-IOSTests" */;
			buildPhases = (
				BC788D58A386F929325F516A /* [CP] Check Pods Manifest.lock */,
				BFF5891220A21E0800B805F9 /* Sources */,
				BFF5891320A21E0800B805F9 /* Frameworks */,
				BFF5891420A21E0800B805F9 /* Resources */,
			);
			buildRules = (
			);
			dependencies = (
				BFF5891820A21E0800B805F9 /* PBXTargetDependency */,
			);
			name = "Location-Reporting-App-IOSTests";
			productName = "Location-Reporting-App-IOSTests";
			productReference = BFF5891620A21E0800B805F9 /* Location-Reporting-App-IOSTests.xctest */;
			productType = "com.apple.product-type.bundle.unit-test";
		};
		BFF5892020A21E0800B805F9 /* Location-Reporting-App-IOSUITests */ = {
			isa = PBXNativeTarget;
			buildConfigurationList = BFF5893020A21E0800B805F9 /* Build configuration list for PBXNativeTarget "Location-Reporting-App-IOSUITests" */;
			buildPhases = (
				DEC4AD952D72F0C65B530B8F /* [CP] Check Pods Manifest.lock */,
				BFF5891D20A21E0800B805F9 /* Sources */,
				BFF5891E20A21E0800B805F9 /* Frameworks */,
				BFF5891F20A21E0800B805F9 /* Resources */,
			);
			buildRules = (
			);
			dependencies = (
				BFF5892320A21E0800B805F9 /* PBXTargetDependency */,
			);
			name = "Location-Reporting-App-IOSUITests";
			productName = "Location-Reporting-App-IOSUITests";
			productReference = BFF5892120A21E0800B805F9 /* Location-Reporting-App-IOSUITests.xctest */;
			productType = "com.apple.product-type.bundle.ui-testing";
		};
/* End PBXNativeTarget section */

/* Begin PBXProject section */
		BFF588FA20A21E0700B805F9 /* Project object */ = {
			isa = PBXProject;
			attributes = {
				LastSwiftUpdateCheck = 0930;
				LastUpgradeCheck = 0930;
				ORGANIZATIONNAME = Minna;
				TargetAttributes = {
					BFF5890120A21E0700B805F9 = {
						CreatedOnToolsVersion = 9.3;
					};
					BFF5891520A21E0800B805F9 = {
						CreatedOnToolsVersion = 9.3;
						TestTargetID = BFF5890120A21E0700B805F9;
					};
					BFF5892020A21E0800B805F9 = {
						CreatedOnToolsVersion = 9.3;
						TestTargetID = BFF5890120A21E0700B805F9;
					};
				};
			};
			buildConfigurationList = BFF588FD20A21E0700B805F9 /* Build configuration list for PBXProject "Location-Reporting-App-IOS" */;
			compatibilityVersion = "Xcode 9.3";
			developmentRegion = en;
			hasScannedForEncodings = 0;
			knownRegions = (
				en,
				Base,
			);
			mainGroup = BFF588F920A21E0700B805F9;
			productRefGroup = BFF5890320A21E0700B805F9 /* Products */;
			projectDirPath = "";
			projectRoot = "";
			targets = (
				BFF5890120A21E0700B805F9 /* Location-Reporting-App-IOS */,
				BFF5891520A21E0800B805F9 /* Location-Reporting-App-IOSTests */,
				BFF5892020A21E0800B805F9 /* Location-Reporting-App-IOSUITests */,
			);
		};
/* End PBXProject section */

/* Begin PBXResourcesBuildPhase section */
		BFF5890020A21E0700B805F9 /* Resources */ = {
			isa = PBXResourcesBuildPhase;
			buildActionMask = 2147483647;
			files = (
				BFF5891020A21E0800B805F9 /* LaunchScreen.storyboard in Resources */,
				BFF5890D20A21E0800B805F9 /* Assets.xcassets in Resources */,
				BFF5890B20A21E0700B805F9 /* Main.storyboard in Resources */,
			);
			runOnlyForDeploymentPostprocessing = 0;
		};
		BFF5891420A21E0800B805F9 /* Resources */ = {
			isa = PBXResourcesBuildPhase;
			buildActionMask = 2147483647;
			files = (
			);
			runOnlyForDeploymentPostprocessing = 0;
		};
		BFF5891F20A21E0800B805F9 /* Resources */ = {
			isa = PBXResourcesBuildPhase;
			buildActionMask = 2147483647;
			files = (
			);
			runOnlyForDeploymentPostprocessing = 0;
		};
/* End PBXResourcesBuildPhase section */

/* Begin PBXShellScriptBuildPhase section */
		B7ACB141FAB8DACA7B3E8735 /* [CP] Check Pods Manifest.lock */ = {
			isa = PBXShellScriptBuildPhase;
			buildActionMask = 2147483647;
			files = (
			);
			inputPaths = (
				"${PODS_PODFILE_DIR_PATH}/Podfile.lock",
				"${PODS_ROOT}/Manifest.lock",
			);
			name = "[CP] Check Pods Manifest.lock";
			outputPaths = (
				"$(DERIVED_FILE_DIR)/Pods-Location-Reporting-App-IOS-checkManifestLockResult.txt",
			);
			runOnlyForDeploymentPostprocessing = 0;
			shellPath = /bin/sh;
			shellScript = "diff \"${PODS_PODFILE_DIR_PATH}/Podfile.lock\" \"${PODS_ROOT}/Manifest.lock\" > /dev/null\nif [ $? != 0 ] ; then\n    # print error to STDERR\n    echo \"error: The sandbox is not in sync with the Podfile.lock. Run 'pod install' or update your CocoaPods installation.\" >&2\n    exit 1\nfi\n# This output is used by Xcode 'outputs' to avoid re-running this script phase.\necho \"SUCCESS\" > \"${SCRIPT_OUTPUT_FILE_0}\"\n";
			showEnvVarsInLog = 0;
		};
		BC788D58A386F929325F516A /* [CP] Check Pods Manifest.lock */ = {
			isa = PBXShellScriptBuildPhase;
			buildActionMask = 2147483647;
			files = (
			);
			inputPaths = (
				"${PODS_PODFILE_DIR_PATH}/Podfile.lock",
				"${PODS_ROOT}/Manifest.lock",
			);
			name = "[CP] Check Pods Manifest.lock";
			outputPaths = (
				"$(DERIVED_FILE_DIR)/Pods-Location-Reporting-App-IOSTests-checkManifestLockResult.txt",
			);
			runOnlyForDeploymentPostprocessing = 0;
			shellPath = /bin/sh;
			shellScript = "diff \"${PODS_PODFILE_DIR_PATH}/Podfile.lock\" \"${PODS_ROOT}/Manifest.lock\" > /dev/null\nif [ $? != 0 ] ; then\n    # print error to STDERR\n    echo \"error: The sandbox is not in sync with the Podfile.lock. Run 'pod install' or update your CocoaPods installation.\" >&2\n    exit 1\nfi\n# This output is used by Xcode 'outputs' to avoid re-running this script phase.\necho \"SUCCESS\" > \"${SCRIPT_OUTPUT_FILE_0}\"\n";
			showEnvVarsInLog = 0;
		};
		CC064B79C529DCD99B4EC62D /* [CP] Copy Pods Resources */ = {
			isa = PBXShellScriptBuildPhase;
			buildActionMask = 2147483647;
			files = (
			);
			inputPaths = (
				"${SRCROOT}/Pods/Target Support Files/Pods-Location-Reporting-App-IOS/Pods-Location-Reporting-App-IOS-resources.sh",
				"${PODS_ROOT}/GoogleMaps/Maps/Frameworks/GoogleMaps.framework/Resources/GoogleMaps.bundle",
				"${PODS_ROOT}/GooglePlaces/Frameworks/GooglePlaces.framework/Resources/GooglePlaces.bundle",
			);
			name = "[CP] Copy Pods Resources";
			outputPaths = (
				"${TARGET_BUILD_DIR}/${UNLOCALIZED_RESOURCES_FOLDER_PATH}/GoogleMaps.bundle",
				"${TARGET_BUILD_DIR}/${UNLOCALIZED_RESOURCES_FOLDER_PATH}/GooglePlaces.bundle",
			);
			runOnlyForDeploymentPostprocessing = 0;
			shellPath = /bin/sh;
			shellScript = "\"${SRCROOT}/Pods/Target Support Files/Pods-Location-Reporting-App-IOS/Pods-Location-Reporting-App-IOS-resources.sh\"\n";
			showEnvVarsInLog = 0;
		};
		DEC4AD952D72F0C65B530B8F /* [CP] Check Pods Manifest.lock */ = {
			isa = PBXShellScriptBuildPhase;
			buildActionMask = 2147483647;
			files = (
			);
			inputPaths = (
				"${PODS_PODFILE_DIR_PATH}/Podfile.lock",
				"${PODS_ROOT}/Manifest.lock",
			);
			name = "[CP] Check Pods Manifest.lock";
			outputPaths = (
				"$(DERIVED_FILE_DIR)/Pods-Location-Reporting-App-IOSUITests-checkManifestLockResult.txt",
			);
			runOnlyForDeploymentPostprocessing = 0;
			shellPath = /bin/sh;
			shellScript = "diff \"${PODS_PODFILE_DIR_PATH}/Podfile.lock\" \"${PODS_ROOT}/Manifest.lock\" > /dev/null\nif [ $? != 0 ] ; then\n    # print error to STDERR\n    echo \"error: The sandbox is not in sync with the Podfile.lock. Run 'pod install' or update your CocoaPods installation.\" >&2\n    exit 1\nfi\n# This output is used by Xcode 'outputs' to avoid re-running this script phase.\necho \"SUCCESS\" > \"${SCRIPT_OUTPUT_FILE_0}\"\n";
			showEnvVarsInLog = 0;
		};
		FA1EA3A0874B7BCC24B5AC29 /* [CP] Embed Pods Frameworks */ = {
			isa = PBXShellScriptBuildPhase;
			buildActionMask = 2147483647;
			files = (
			);
			inputPaths = (
				"${SRCROOT}/Pods/Target Support Files/Pods-Location-Reporting-App-IOS/Pods-Location-Reporting-App-IOS-frameworks.sh",
				"${BUILT_PRODUCTS_DIR}/SwiftKeychainWrapper/SwiftKeychainWrapper.framework",
			);
			name = "[CP] Embed Pods Frameworks";
			outputPaths = (
				"${TARGET_BUILD_DIR}/${FRAMEWORKS_FOLDER_PATH}/SwiftKeychainWrapper.framework",
			);
			runOnlyForDeploymentPostprocessing = 0;
			shellPath = /bin/sh;
			shellScript = "\"${SRCROOT}/Pods/Target Support Files/Pods-Location-Reporting-App-IOS/Pods-Location-Reporting-App-IOS-frameworks.sh\"\n";
			showEnvVarsInLog = 0;
		};
/* End PBXShellScriptBuildPhase section */

/* Begin PBXSourcesBuildPhase section */
		BFF588FE20A21E0700B805F9 /* Sources */ = {
			isa = PBXSourcesBuildPhase;
			buildActionMask = 2147483647;
			files = (
				BFF5890820A21E0700B805F9 /* LoginViewController.swift in Sources */,
				BF2C386520A3592C007985DD /* ReportViewController.swift in Sources */,
				BFF5890620A21E0700B805F9 /* AppDelegate.swift in Sources */,
				BF4F8F7820A5E16E003E1471 /* MapViewController.swift in Sources */,
				BFA04B7320A4A63C00C3701E /* utils.swift in Sources */,
			);
			runOnlyForDeploymentPostprocessing = 0;
		};
		BFF5891220A21E0800B805F9 /* Sources */ = {
			isa = PBXSourcesBuildPhase;
			buildActionMask = 2147483647;
			files = (
				BFF5891B20A21E0800B805F9 /* Location_Reporting_App_IOSTests.swift in Sources */,
			);
			runOnlyForDeploymentPostprocessing = 0;
		};
		BFF5891D20A21E0800B805F9 /* Sources */ = {
			isa = PBXSourcesBuildPhase;
			buildActionMask = 2147483647;
			files = (
				BFF5892620A21E0800B805F9 /* Location_Reporting_App_IOSUITests.swift in Sources */,
			);
			runOnlyForDeploymentPostprocessing = 0;
		};
/* End PBXSourcesBuildPhase section */

/* Begin PBXTargetDependency section */
		BFF5891820A21E0800B805F9 /* PBXTargetDependency */ = {
			isa = PBXTargetDependency;
			target = BFF5890120A21E0700B805F9 /* Location-Reporting-App-IOS */;
			targetProxy = BFF5891720A21E0800B805F9 /* PBXContainerItemProxy */;
		};
		BFF5892320A21E0800B805F9 /* PBXTargetDependency */ = {
			isa = PBXTargetDependency;
			target = BFF5890120A21E0700B805F9 /* Location-Reporting-App-IOS */;
			targetProxy = BFF5892220A21E0800B805F9 /* PBXContainerItemProxy */;
		};
/* End PBXTargetDependency section */

/* Begin PBXVariantGroup section */
		BFF5890920A21E0700B805F9 /* Main.storyboard */ = {
			isa = PBXVariantGroup;
			children = (
				BFF5890A20A21E0700B805F9 /* Base */,
			);
			name = Main.storyboard;
			sourceTree = "<group>";
		};
		BFF5890E20A21E0800B805F9 /* LaunchScreen.storyboard */ = {
			isa = PBXVariantGroup;
			children = (
				BFF5890F20A21E0800B805F9 /* Base */,
			);
			name = LaunchScreen.storyboard;
			sourceTree = "<group>";
		};
/* End PBXVariantGroup section */

/* Begin XCBuildConfiguration section */
		BFF5892820A21E0800B805F9 /* Debug */ = {
			isa = XCBuildConfiguration;
			buildSettings = {
				ALWAYS_SEARCH_USER_PATHS = NO;
				CLANG_ANALYZER_NONNULL = YES;
				CLANG_ANALYZER_NUMBER_OBJECT_CONVERSION = YES_AGGRESSIVE;
				CLANG_CXX_LANGUAGE_STANDARD = "gnu++14";
				CLANG_CXX_LIBRARY = "libc++";
				CLANG_ENABLE_MODULES = YES;
				CLANG_ENABLE_OBJC_ARC = YES;
				CLANG_ENABLE_OBJC_WEAK = YES;
				CLANG_WARN_BLOCK_CAPTURE_AUTORELEASING = YES;
				CLANG_WARN_BOOL_CONVERSION = YES;
				CLANG_WARN_COMMA = YES;
				CLANG_WARN_CONSTANT_CONVERSION = YES;
				CLANG_WARN_DEPRECATED_OBJC_IMPLEMENTATIONS = YES;
				CLANG_WARN_DIRECT_OBJC_ISA_USAGE = YES_ERROR;
				CLANG_WARN_DOCUMENTATION_COMMENTS = YES;
				CLANG_WARN_EMPTY_BODY = YES;
				CLANG_WARN_ENUM_CONVERSION = YES;
				CLANG_WARN_INFINITE_RECURSION = YES;
				CLANG_WARN_INT_CONVERSION = YES;
				CLANG_WARN_NON_LITERAL_NULL_CONVERSION = YES;
				CLANG_WARN_OBJC_IMPLICIT_RETAIN_SELF = YES;
				CLANG_WARN_OBJC_LITERAL_CONVERSION = YES;
				CLANG_WARN_OBJC_ROOT_CLASS = YES_ERROR;
				CLANG_WARN_RANGE_LOOP_ANALYSIS = YES;
				CLANG_WARN_STRICT_PROTOTYPES = YES;
				CLANG_WARN_SUSPICIOUS_MOVE = YES;
				CLANG_WARN_UNGUARDED_AVAILABILITY = YES_AGGRESSIVE;
				CLANG_WARN_UNREACHABLE_CODE = YES;
				CLANG_WARN__DUPLICATE_METHOD_MATCH = YES;
				CODE_SIGN_IDENTITY = "iPhone Developer";
				COPY_PHASE_STRIP = NO;
				DEBUG_INFORMATION_FORMAT = dwarf;
				ENABLE_STRICT_OBJC_MSGSEND = YES;
				ENABLE_TESTABILITY = YES;
				GCC_C_LANGUAGE_STANDARD = gnu11;
				GCC_DYNAMIC_NO_PIC = NO;
				GCC_NO_COMMON_BLOCKS = YES;
				GCC_OPTIMIZATION_LEVEL = 0;
				GCC_PREPROCESSOR_DEFINITIONS = (
					"DEBUG=1",
					"$(inherited)",
				);
				GCC_WARN_64_TO_32_BIT_CONVERSION = YES;
				GCC_WARN_ABOUT_RETURN_TYPE = YES_ERROR;
				GCC_WARN_UNDECLARED_SELECTOR = YES;
				GCC_WARN_UNINITIALIZED_AUTOS = YES_AGGRESSIVE;
				GCC_WARN_UNUSED_FUNCTION = YES;
				GCC_WARN_UNUSED_VARIABLE = YES;
				IPHONEOS_DEPLOYMENT_TARGET = 11.3;
				MTL_ENABLE_DEBUG_INFO = YES;
				ONLY_ACTIVE_ARCH = YES;
				SDKROOT = iphoneos;
				SWIFT_ACTIVE_COMPILATION_CONDITIONS = DEBUG;
				SWIFT_OPTIMIZATION_LEVEL = "-Onone";
			};
			name = Debug;
		};
		BFF5892920A21E0800B805F9 /* Release */ = {
			isa = XCBuildConfiguration;
			buildSettings = {
				ALWAYS_SEARCH_USER_PATHS = NO;
				CLANG_ANALYZER_NONNULL = YES;
				CLANG_ANALYZER_NUMBER_OBJECT_CONVERSION = YES_AGGRESSIVE;
				CLANG_CXX_LANGUAGE_STANDARD = "gnu++14";
				CLANG_CXX_LIBRARY = "libc++";
				CLANG_ENABLE_MODULES = YES;
				CLANG_ENABLE_OBJC_ARC = YES;
				CLANG_ENABLE_OBJC_WEAK = YES;
				CLANG_WARN_BLOCK_CAPTURE_AUTORELEASING = YES;
				CLANG_WARN_BOOL_CONVERSION = YES;
				CLANG_WARN_COMMA = YES;
				CLANG_WARN_CONSTANT_CONVERSION = YES;
				CLANG_WARN_DEPRECATED_OBJC_IMPLEMENTATIONS = YES;
				CLANG_WARN_DIRECT_OBJC_ISA_USAGE = YES_ERROR;
				CLANG_WARN_DOCUMENTATION_COMMENTS = YES;
				CLANG_WARN_EMPTY_BODY = YES;
				CLANG_WARN_ENUM_CONVERSION = YES;
				CLANG_WARN_INFINITE_RECURSION = YES;
				CLANG_WARN_INT_CONVERSION = YES;
				CLANG_WARN_NON_LITERAL_NULL_CONVERSION = YES;
				CLANG_WARN_OBJC_IMPLICIT_RETAIN_SELF = YES;
				CLANG_WARN_OBJC_LITERAL_CONVERSION = YES;
				CLANG_WARN_OBJC_ROOT_CLASS = YES_ERROR;
				CLANG_WARN_RANGE_LOOP_ANALYSIS = YES;
				CLANG_WARN_STRICT_PROTOTYPES = YES;
				CLANG_WARN_SUSPICIOUS_MOVE = YES;
				CLANG_WARN_UNGUARDED_AVAILABILITY = YES_AGGRESSIVE;
				CLANG_WARN_UNREACHABLE_CODE = YES;
				CLANG_WARN__DUPLICATE_METHOD_MATCH = YES;
				CODE_SIGN_IDENTITY = "iPhone Developer";
				COPY_PHASE_STRIP = NO;
				DEBUG_INFORMATION_FORMAT = "dwarf-with-dsym";
				ENABLE_NS_ASSERTIONS = NO;
				ENABLE_STRICT_OBJC_MSGSEND = YES;
				GCC_C_LANGUAGE_STANDARD = gnu11;
				GCC_NO_COMMON_BLOCKS = YES;
				GCC_WARN_64_TO_32_BIT_CONVERSION = YES;
				GCC_WARN_ABOUT_RETURN_TYPE = YES_ERROR;
				GCC_WARN_UNDECLARED_SELECTOR = YES;
				GCC_WARN_UNINITIALIZED_AUTOS = YES_AGGRESSIVE;
				GCC_WARN_UNUSED_FUNCTION = YES;
				GCC_WARN_UNUSED_VARIABLE = YES;
				IPHONEOS_DEPLOYMENT_TARGET = 11.3;
				MTL_ENABLE_DEBUG_INFO = NO;
				SDKROOT = iphoneos;
				SWIFT_COMPILATION_MODE = wholemodule;
				SWIFT_OPTIMIZATION_LEVEL = "-O";
				VALIDATE_PRODUCT = YES;
			};
			name = Release;
		};
		BFF5892B20A21E0800B805F9 /* Debug */ = {
			isa = XCBuildConfiguration;
			baseConfigurationReference = 880B6B49A53875E0BA136788 /* Pods-Location-Reporting-App-IOS.debug.xcconfig */;
			buildSettings = {
				ASSETCATALOG_COMPILER_APPICON_NAME = AppIcon;
				CODE_SIGN_STYLE = Automatic;
				INFOPLIST_FILE = "Location-Reporting-App-IOS/Info.plist";
				LD_RUNPATH_SEARCH_PATHS = (
					"$(inherited)",
					"@executable_path/Frameworks",
				);
				PRODUCT_BUNDLE_IDENTIFIER = "minna.Location-Reporting-App-IOS";
				PRODUCT_NAME = "$(TARGET_NAME)";
				SWIFT_VERSION = 4.0;
				TARGETED_DEVICE_FAMILY = "1,2";
			};
			name = Debug;
		};
		BFF5892C20A21E0800B805F9 /* Release */ = {
			isa = XCBuildConfiguration;
			baseConfigurationReference = 4A5BEF6135834C9C7F75F93D /* Pods-Location-Reporting-App-IOS.release.xcconfig */;
			buildSettings = {
				ASSETCATALOG_COMPILER_APPICON_NAME = AppIcon;
				CODE_SIGN_STYLE = Automatic;
				INFOPLIST_FILE = "Location-Reporting-App-IOS/Info.plist";
				LD_RUNPATH_SEARCH_PATHS = (
					"$(inherited)",
					"@executable_path/Frameworks",
				);
				PRODUCT_BUNDLE_IDENTIFIER = "minna.Location-Reporting-App-IOS";
				PRODUCT_NAME = "$(TARGET_NAME)";
				SWIFT_VERSION = 4.0;
				TARGETED_DEVICE_FAMILY = "1,2";
			};
			name = Release;
		};
		BFF5892E20A21E0800B805F9 /* Debug */ = {
			isa = XCBuildConfiguration;
			baseConfigurationReference = 0EE9BC768285E07F3CBB178C /* Pods-Location-Reporting-App-IOSTests.debug.xcconfig */;
			buildSettings = {
				ALWAYS_EMBED_SWIFT_STANDARD_LIBRARIES = YES;
				BUNDLE_LOADER = "$(TEST_HOST)";
				CODE_SIGN_STYLE = Automatic;
				INFOPLIST_FILE = "Location-Reporting-App-IOSTests/Info.plist";
				LD_RUNPATH_SEARCH_PATHS = (
					"$(inherited)",
					"@executable_path/Frameworks",
					"@loader_path/Frameworks",
				);
				PRODUCT_BUNDLE_IDENTIFIER = "minna.Location-Reporting-App-IOSTests";
				PRODUCT_NAME = "$(TARGET_NAME)";
				SWIFT_VERSION = 4.0;
				TARGETED_DEVICE_FAMILY = "1,2";
				TEST_HOST = "$(BUILT_PRODUCTS_DIR)/Location-Reporting-App-IOS.app/Location-Reporting-App-IOS";
			};
			name = Debug;
		};
		BFF5892F20A21E0800B805F9 /* Release */ = {
			isa = XCBuildConfiguration;
			baseConfigurationReference = BDDE37A5EECF8222F2F9CF28 /* Pods-Location-Reporting-App-IOSTests.release.xcconfig */;
			buildSettings = {
				ALWAYS_EMBED_SWIFT_STANDARD_LIBRARIES = YES;
				BUNDLE_LOADER = "$(TEST_HOST)";
				CODE_SIGN_STYLE = Automatic;
				INFOPLIST_FILE = "Location-Reporting-App-IOSTests/Info.plist";
				LD_RUNPATH_SEARCH_PATHS = (
					"$(inherited)",
					"@executable_path/Frameworks",
					"@loader_path/Frameworks",
				);
				PRODUCT_BUNDLE_IDENTIFIER = "minna.Location-Reporting-App-IOSTests";
				PRODUCT_NAME = "$(TARGET_NAME)";
				SWIFT_VERSION = 4.0;
				TARGETED_DEVICE_FAMILY = "1,2";
				TEST_HOST = "$(BUILT_PRODUCTS_DIR)/Location-Reporting-App-IOS.app/Location-Reporting-App-IOS";
			};
			name = Release;
		};
		BFF5893120A21E0800B805F9 /* Debug */ = {
			isa = XCBuildConfiguration;
			baseConfigurationReference = EF3134B5C1A0219CB9B9CDBA /* Pods-Location-Reporting-App-IOSUITests.debug.xcconfig */;
			buildSettings = {
				ALWAYS_EMBED_SWIFT_STANDARD_LIBRARIES = YES;
				CODE_SIGN_STYLE = Automatic;
				INFOPLIST_FILE = "Location-Reporting-App-IOSUITests/Info.plist";
				LD_RUNPATH_SEARCH_PATHS = (
					"$(inherited)",
					"@executable_path/Frameworks",
					"@loader_path/Frameworks",
				);
				PRODUCT_BUNDLE_IDENTIFIER = "minna.Location-Reporting-App-IOSUITests";
				PRODUCT_NAME = "$(TARGET_NAME)";
				SWIFT_VERSION = 4.0;
				TARGETED_DEVICE_FAMILY = "1,2";
				TEST_TARGET_NAME = "Location-Reporting-App-IOS";
			};
			name = Debug;
		};
		BFF5893220A21E0800B805F9 /* Release */ = {
			isa = XCBuildConfiguration;
			baseConfigurationReference = DDCCA4D4CE8AA90E42736F29 /* Pods-Location-Reporting-App-IOSUITests.release.xcconfig */;
			buildSettings = {
				ALWAYS_EMBED_SWIFT_STANDARD_LIBRARIES = YES;
				CODE_SIGN_STYLE = Automatic;
				INFOPLIST_FILE = "Location-Reporting-App-IOSUITests/Info.plist";
				LD_RUNPATH_SEARCH_PATHS = (
					"$(inherited)",
					"@executable_path/Frameworks",
					"@loader_path/Frameworks",
				);
				PRODUCT_BUNDLE_IDENTIFIER = "minna.Location-Reporting-App-IOSUITests";
				PRODUCT_NAME = "$(TARGET_NAME)";
				SWIFT_VERSION = 4.0;
				TARGETED_DEVICE_FAMILY = "1,2";
				TEST_TARGET_NAME = "Location-Reporting-App-IOS";
			};
			name = Release;
		};
/* End XCBuildConfiguration section */

/* Begin XCConfigurationList section */
		BFF588FD20A21E0700B805F9 /* Build configuration list for PBXProject "Location-Reporting-App-IOS" */ = {
			isa = XCConfigurationList;
			buildConfigurations = (
				BFF5892820A21E0800B805F9 /* Debug */,
				BFF5892920A21E0800B805F9 /* Release */,
			);
			defaultConfigurationIsVisible = 0;
			defaultConfigurationName = Release;
		};
		BFF5892A20A21E0800B805F9 /* Build configuration list for PBXNativeTarget "Location-Reporting-App-IOS" */ = {
			isa = XCConfigurationList;
			buildConfigurations = (
				BFF5892B20A21E0800B805F9 /* Debug */,
				BFF5892C20A21E0800B805F9 /* Release */,
			);
			defaultConfigurationIsVisible = 0;
			defaultConfigurationName = Release;
		};
		BFF5892D20A21E0800B805F9 /* Build configuration list for PBXNativeTarget "Location-Reporting-App-IOSTests" */ = {
			isa = XCConfigurationList;
			buildConfigurations = (
				BFF5892E20A21E0800B805F9 /* Debug */,
				BFF5892F20A21E0800B805F9 /* Release */,
			);
			defaultConfigurationIsVisible = 0;
			defaultConfigurationName = Release;
		};
		BFF5893020A21E0800B805F9 /* Build configuration list for PBXNativeTarget "Location-Reporting-App-IOSUITests" */ = {
			isa = XCConfigurationList;
			buildConfigurations = (
				BFF5893120A21E0800B805F9 /* Debug */,
				BFF5893220A21E0800B805F9 /* Release */,
			);
			defaultConfigurationIsVisible = 0;
			defaultConfigurationName = Release;
		};
/* End XCConfigurationList section */
	};
	rootObject = BFF588FA20A21E0700B805F9 /* Project object */;
}
