PODS:
  - SwiftKeychainWrapper (3.0.1)

DEPENDENCIES:
  - SwiftKeychainWrapper (~> 3.0.1)

SPEC REPOS:
  https://github.com/cocoapods/specs.git:
    - SwiftKeychainWrapper

SPEC CHECKSUMS:
  SwiftKeychainWrapper: 38952a3636320ae61bad3513cadd870929de7a4a

PODFILE CHECKSUM: b445dc95a445b8b3088a17a1dc75f64f03e40d95

COCOAPODS: 1.5.2
